{
  "name": "@sunrioa/rin-terminal-story",
  "version": "0.1.0",
  "lockfileVersion": 3,
  "requires": true,
  "packages": {
    "": {
      "name": "@sunrioa/rin-terminal-story",
      "version": "0.1.0",
      "license": "MIT",
      "dependencies": {
        "@sunrioa/rin-sdk": "file:../../sdk/javascript"
      },
      "bin": {
        "rin-terminal-story": "src/cli.js"
      },
      "engines": {
        "node": ">=18"
      }
    },
    "../../sdk/javascript": {
      "name": "@sunrioa/rin-sdk",
      "version": "0.7.0",
      "license": "MIT",
      "engines": {
        "node": ">=18"
      }
    },
    "node_modules/@sunrioa/rin-sdk": {
      "resolved": "../../sdk/javascript",
      "link": true
    }
  }
}
