Microsoft Visual Studio Solution File, Format Version 12.00
# Visual Studio Version 17
VisualStudioVersion = 17.0.31903.59
MinimumVisualStudioVersion = 10.0.40219.1
Project("{FAE04EC0-301F-11D3-BF4B-00C04F79EFBC}") = "RinNpc.Core", "RinNpc.Core\RinNpc.Core.csproj", "{A91BF645-F588-44B9-8845-4841853DA415}"
EndProject
Project("{FAE04EC0-301F-11D3-BF4B-00C04F79EFBC}") = "RinNpc.Mono", "RinNpc.Mono\RinNpc.Mono.csproj", "{36180D16-B9DE-4C09-8849-17D790CB1AB7}"
EndProject
Project("{FAE04EC0-301F-11D3-BF4B-00C04F79EFBC}") = "RinNpc.IL2CPP", "RinNpc.IL2CPP\RinNpc.IL2CPP.csproj", "{E0DD7DDB-C07B-4D74-B7D9-B8BE1B33F603}"
EndProject
Project("{FAE04EC0-301F-11D3-BF4B-00C04F79EFBC}") = "RinNpc.Core.Tests", "RinNpc.Core.Tests\RinNpc.Core.Tests.csproj", "{D14EC53D-EA5D-41F0-BA16-E1F365A06D25}"
EndProject
Global
	GlobalSection(SolutionConfigurationPlatforms) = preSolution
		Debug|Any CPU = Debug|Any CPU
		Release|Any CPU = Release|Any CPU
	EndGlobalSection
	GlobalSection(ProjectConfigurationPlatforms) = postSolution
		{A91BF645-F588-44B9-8845-4841853DA415}.Debug|Any CPU.ActiveCfg = Debug|Any CPU
		{A91BF645-F588-44B9-8845-4841853DA415}.Debug|Any CPU.Build.0 = Debug|Any CPU
		{A91BF645-F588-44B9-8845-4841853DA415}.Release|Any CPU.ActiveCfg = Release|Any CPU
		{A91BF645-F588-44B9-8845-4841853DA415}.Release|Any CPU.Build.0 = Release|Any CPU
		{36180D16-B9DE-4C09-8849-17D790CB1AB7}.Debug|Any CPU.ActiveCfg = Debug|Any CPU
		{36180D16-B9DE-4C09-8849-17D790CB1AB7}.Debug|Any CPU.Build.0 = Debug|Any CPU
		{36180D16-B9DE-4C09-8849-17D790CB1AB7}.Release|Any CPU.ActiveCfg = Release|Any CPU
		{36180D16-B9DE-4C09-8849-17D790CB1AB7}.Release|Any CPU.Build.0 = Release|Any CPU
		{E0DD7DDB-C07B-4D74-B7D9-B8BE1B33F603}.Debug|Any CPU.ActiveCfg = Debug|Any CPU
		{E0DD7DDB-C07B-4D74-B7D9-B8BE1B33F603}.Debug|Any CPU.Build.0 = Debug|Any CPU
		{E0DD7DDB-C07B-4D74-B7D9-B8BE1B33F603}.Release|Any CPU.ActiveCfg = Release|Any CPU
		{E0DD7DDB-C07B-4D74-B7D9-B8BE1B33F603}.Release|Any CPU.Build.0 = Release|Any CPU
		{D14EC53D-EA5D-41F0-BA16-E1F365A06D25}.Debug|Any CPU.ActiveCfg = Debug|Any CPU
		{D14EC53D-EA5D-41F0-BA16-E1F365A06D25}.Debug|Any CPU.Build.0 = Debug|Any CPU
		{D14EC53D-EA5D-41F0-BA16-E1F365A06D25}.Release|Any CPU.ActiveCfg = Release|Any CPU
		{D14EC53D-EA5D-41F0-BA16-E1F365A06D25}.Release|Any CPU.Build.0 = Release|Any CPU
	EndGlobalSection
EndGlobal
